
Microsoft Visual Studio Solution File, Format Version 12.00
# Visual Studio Version 16
VisualStudioVersion = 16.0.32002.261
MinimumVisualStudioVersion = 10.0.40219.1
Project("{FAE04EC0-301F-11D3-BF4B-00C04F79EFBC}") = "EFGetStarted", "EFGetStarted\EFGetStarted.csproj", "{C6AADCD3-6F8E-4EE7-9698-37459114007A}"
EndProject
Global
	GlobalSection(SolutionConfigurationPlatforms) = preSolution
		Debug|Any CPU = Debug|Any CPU
		Release|Any CPU = Release|Any CPU
	EndGlobalSection
	GlobalSection(ProjectConfigurationPlatforms) = postSolution
		{C6AADCD3-6F8E-4EE7-9698-37459114007A}.Debug|Any CPU.ActiveCfg = Debug|Any CPU
		{C6AADCD3-6F8E-4EE7-9698-37459114007A}.Debug|Any CPU.Build.0 = Debug|Any CPU
		{C6AADCD3-6F8E-4EE7-9698-37459114007A}.Release|Any CPU.ActiveCfg = Release|Any CPU
		{C6AADCD3-6F8E-4EE7-9698-37459114007A}.Release|Any CPU.Build.0 = Release|Any CPU
	EndGlobalSection
	GlobalSection(SolutionProperties) = preSolution
		HideSolutionNode = FALSE
	EndGlobalSection
	GlobalSection(ExtensibilityGlobals) = postSolution
		SolutionGuid = {72CAE061-4E94-4756-9C62-E24B2410C5A2}
	EndGlobalSection
EndGlobal
